
Microsoft Visual Studio Solution File, Format Version 12.00
# Visual Studio 2015
Project("{FAE04EC0-301F-11D3-BF4B-00C04F79EFBC}") = "projetocos2016-jamison_e_carlos.Plugins", "projetocos2016-jamison_e_carlos.Plugins.csproj", "{DDB242A1-B00B-D18A-FB2E-6B074D007E9C}"
EndProject
Project("{FAE04EC0-301F-11D3-BF4B-00C04F79EFBC}") = "projetocos2016-jamison_e_carlos", "projetocos2016-jamison_e_carlos.csproj", "{4581AAAE-FAE4-6911-9BDE-6D743CA9E4AE}"
EndProject
Global
	GlobalSection(SolutionConfigurationPlatforms) = preSolution
		Debug|Any CPU = Debug|Any CPU
		Release|Any CPU = Release|Any CPU
	EndGlobalSection
	GlobalSection(ProjectConfigurationPlatforms) = postSolution
		{DDB242A1-B00B-D18A-FB2E-6B074D007E9C}.Debug|Any CPU.ActiveCfg = Debug|Any CPU
		{DDB242A1-B00B-D18A-FB2E-6B074D007E9C}.Debug|Any CPU.Build.0 = Debug|Any CPU
		{DDB242A1-B00B-D18A-FB2E-6B074D007E9C}.Release|Any CPU.ActiveCfg = Release|Any CPU
		{DDB242A1-B00B-D18A-FB2E-6B074D007E9C}.Release|Any CPU.Build.0 = Release|Any CPU
		{4581AAAE-FAE4-6911-9BDE-6D743CA9E4AE}.Debug|Any CPU.ActiveCfg = Debug|Any CPU
		{4581AAAE-FAE4-6911-9BDE-6D743CA9E4AE}.Debug|Any CPU.Build.0 = Debug|Any CPU
		{4581AAAE-FAE4-6911-9BDE-6D743CA9E4AE}.Release|Any CPU.ActiveCfg = Release|Any CPU
		{4581AAAE-FAE4-6911-9BDE-6D743CA9E4AE}.Release|Any CPU.Build.0 = Release|Any CPU
	EndGlobalSection
	GlobalSection(SolutionProperties) = preSolution
		HideSolutionNode = FALSE
	EndGlobalSection
EndGlobal
